// !$*UTF8*$!
{
	archiveVersion = 1;
	classes = {
	};
	objectVersion = 46;
	objects = {

/* Begin PBXBuildFile section */
		130F3EDDECD63725DD5BB6E4 /* OCGStack.m in Sources */ = {isa = PBXBuildFile; fileRef = 130F36D465506573DA265E06 /* OCGStack.m */; };
		56E507C71D4DE851001E058F /* main.m in Sources */ = {isa = PBXBuildFile; fileRef = 56E507C61D4DE851001E058F /* main.m */; };
/* End PBXBuildFile section */

/* Begin PBXCopyFilesBuildPhase section */
		56E507C11D4DE851001E058F /* CopyFiles */ = {
			isa = PBXCopyFilesBuildPhase;
			buildActionMask = 2147483647;
			dstPath = /usr/share/man/man1/;
			dstSubfolderSpec = 0;
			files = (
			);
			runOnlyForDeploymentPostprocessing = 1;
		};
/* End PBXCopyFilesBuildPhase section */

/* Begin PBXFileReference section */
		130F36D465506573DA265E06 /* OCGStack.m */ = {isa = PBXFileReference; fileEncoding = 4; lastKnownFileType = sourcecode.c.objc; path = OCGStack.m; sourceTree = "<group>"; };
		130F3F959BB2BD61C9821215 /* OCGStack.h */ = {isa = PBXFileReference; fileEncoding = 4; lastKnownFileType = sourcecode.c.h; path = OCGStack.h; sourceTree = "<group>"; };
		56E507C31D4DE851001E058F /* OCGStack */ = {isa = PBXFileReference; explicitFileType = "compiled.mach-o.executable"; includeInIndex = 0; path = OCGStack; sourceTree = BUILT_PRODUCTS_DIR; };
		56E507C61D4DE851001E058F /* main.m */ = {isa = PBXFileReference; lastKnownFileType = sourcecode.c.objc; path = main.m; sourceTree = "<group>"; };
/* End PBXFileReference section */

/* Begin PBXFrameworksBuildPhase section */
		56E507C01D4DE851001E058F /* Frameworks */ = {
			isa = PBXFrameworksBuildPhase;
			buildActionMask = 2147483647;
			files = (
			);
			runOnlyForDeploymentPostprocessing = 0;
		};
/* End PBXFrameworksBuildPhase section */

/* Begin PBXGroup section */
		130F3C1E32925686A790CC22 /* Classes */ = {
			isa = PBXGroup;
			children = (
				130F36D465506573DA265E06 /* OCGStack.m */,
				130F3F959BB2BD61C9821215 /* OCGStack.h */,
			);
			path = Classes;
			sourceTree = "<group>";
		};
		56E507BA1D4DE851001E058F = {
			isa = PBXGroup;
			children = (
				56E507C51D4DE851001E058F /* OCGStack */,
				56E507C41D4DE851001E058F /* Products */,
			);
			sourceTree = "<group>";
		};
		56E507C41D4DE851001E058F /* Products */ = {
			isa = PBXGroup;
			children = (
				56E507C31D4DE851001E058F /* OCGStack */,
			);
			name = Products;
			sourceTree = "<group>";
		};
		56E507C51D4DE851001E058F /* OCGStack */ = {
			isa = PBXGroup;
			children = (
				56E507C61D4DE851001E058F /* main.m */,
				130F3C1E32925686A790CC22 /* Classes */,
			);
			path = OCGStack;
			sourceTree = "<group>";
		};
/* End PBXGroup section */

/* Begin PBXNativeTarget section */
		56E507C21D4DE851001E058F /* OCGStack */ = {
			isa = PBXNativeTarget;
			buildConfigurationList = 56E507CA1D4DE851001E058F /* Build configuration list for PBXNativeTarget "OCGStack" */;
			buildPhases = (
				56E507BF1D4DE851001E058F /* Sources */,
				56E507C01D4DE851001E058F /* Frameworks */,
				56E507C11D4DE851001E058F /* CopyFiles */,
			);
			buildRules = (
			);
			dependencies = (
			);
			name = OCGStack;
			productName = OCGStack;
			productReference = 56E507C31D4DE851001E058F /* OCGStack */;
			productType = "com.apple.product-type.tool";
		};
/* End PBXNativeTarget section */

/* Begin PBXProject section */
		56E507BB1D4DE851001E058F /* Project object */ = {
			isa = PBXProject;
			attributes = {
				LastUpgradeCheck = 0730;
				ORGANIZATIONNAME = "Aslan-Apps";
				TargetAttributes = {
					56E507C21D4DE851001E058F = {
						CreatedOnToolsVersion = 7.3;
					};
				};
			};
			buildConfigurationList = 56E507BE1D4DE851001E058F /* Build configuration list for PBXProject "OCGStack" */;
			compatibilityVersion = "Xcode 3.2";
			developmentRegion = English;
			hasScannedForEncodings = 0;
			knownRegions = (
				en,
			);
			mainGroup = 56E507BA1D4DE851001E058F;
			productRefGroup = 56E507C41D4DE851001E058F /* Products */;
			projectDirPath = "";
			projectRoot = "";
			targets = (
				56E507C21D4DE851001E058F /* OCGStack */,
			);
		};
/* End PBXProject section */

/* Begin PBXSourcesBuildPhase section */
		56E507BF1D4DE851001E058F /* Sources */ = {
			isa = PBXSourcesBuildPhase;
			buildActionMask = 2147483647;
			files = (
				56E507C71D4DE851001E058F /* main.m in Sources */,
				130F3EDDECD63725DD5BB6E4 /* OCGStack.m in Sources */,
			);
			runOnlyForDeploymentPostprocessing = 0;
		};
/* End PBXSourcesBuildPhase section */

/* Begin XCBuildConfiguration section */
		56E507C81D4DE851001E058F /* Debug */ = {
			isa = XCBuildConfiguration;
			buildSettings = {
				ALWAYS_SEARCH_USER_PATHS = NO;
				CLANG_ANALYZER_NONNULL = YES;
				CLANG_CXX_LANGUAGE_STANDARD = "gnu++0x";
				CLANG_CXX_LIBRARY = "libc++";
				CLANG_ENABLE_MODULES = YES;
				CLANG_ENABLE_OBJC_ARC = YES;
				CLANG_WARN_BOOL_CONVERSION = YES;
				CLANG_WARN_CONSTANT_CONVERSION = YES;
				CLANG_WARN_DIRECT_OBJC_ISA_USAGE = YES_ERROR;
				CLANG_WARN_EMPTY_BODY = YES;
				CLANG_WARN_ENUM_CONVERSION = YES;
				CLANG_WARN_INT_CONVERSION = YES;
				CLANG_WARN_OBJC_ROOT_CLASS = YES_ERROR;
				CLANG_WARN_UNREACHABLE_CODE = YES;
				CLANG_WARN__DUPLICATE_METHOD_MATCH = YES;
				CODE_SIGN_IDENTITY = "-";
				COPY_PHASE_STRIP = NO;
				DEBUG_INFORMATION_FORMAT = dwarf;
				ENABLE_STRICT_OBJC_MSGSEND = YES;
				ENABLE_TESTABILITY = YES;
				GCC_C_LANGUAGE_STANDARD = gnu99;
				GCC_DYNAMIC_NO_PIC = NO;
				GCC_NO_COMMON_BLOCKS = YES;
				GCC_OPTIMIZATION_LEVEL = 0;
				GCC_PREPROCESSOR_DEFINITIONS = (
					"DEBUG=1",
					"$(inherited)",
				);
				GCC_WARN_64_TO_32_BIT_CONVERSION = YES;
				GCC_WARN_ABOUT_RETURN_TYPE = YES_ERROR;
				GCC_WARN_UNDECLARED_SELECTOR = YES;
				GCC_WARN_UNINITIALIZED_AUTOS = YES_AGGRESSIVE;
				GCC_WARN_UNUSED_FUNCTION = YES;
				GCC_WARN_UNUSED_VARIABLE = YES;
				MACOSX_DEPLOYMENT_TARGET = 10.11;
				MTL_ENABLE_DEBUG_INFO = YES;
				ONLY_ACTIVE_ARCH = YES;
				SDKROOT = macosx;
			};
			name = Debug;
		};
		56E507C91D4DE851001E058F /* Release */ = {
			isa = XCBuildConfiguration;
			buildSettings = {
				ALWAYS_SEARCH_USER_PATHS = NO;
				CLANG_ANALYZER_NONNULL = YES;
				CLANG_CXX_LANGUAGE_STANDARD = "gnu++0x";
				CLANG_CXX_LIBRARY = "libc++";
				CLANG_ENABLE_MODULES = YES;
				CLANG_ENABLE_OBJC_ARC = YES;
				CLANG_WARN_BOOL_CONVERSION = YES;
				CLANG_WARN_CONSTANT_CONVERSION = YES;
				CLANG_WARN_DIRECT_OBJC_ISA_USAGE = YES_ERROR;
				CLANG_WARN_EMPTY_BODY = YES;
				CLANG_WARN_ENUM_CONVERSION = YES;
				CLANG_WARN_INT_CONVERSION = YES;
				CLANG_WARN_OBJC_ROOT_CLASS = YES_ERROR;
				CLANG_WARN_UNREACHABLE_CODE = YES;
				CLANG_WARN__DUPLICATE_METHOD_MATCH = YES;
				CODE_SIGN_IDENTITY = "-";
				COPY_PHASE_STRIP = NO;
				DEBUG_INFORMATION_FORMAT = "dwarf-with-dsym";
				ENABLE_NS_ASSERTIONS = NO;
				ENABLE_STRICT_OBJC_MSGSEND = YES;
				GCC_C_LANGUAGE_STANDARD = gnu99;
				GCC_NO_COMMON_BLOCKS = YES;
				GCC_WARN_64_TO_32_BIT_CONVERSION = YES;
				GCC_WARN_ABOUT_RETURN_TYPE = YES_ERROR;
				GCC_WARN_UNDECLARED_SELECTOR = YES;
				GCC_WARN_UNINITIALIZED_AUTOS = YES_AGGRESSIVE;
				GCC_WARN_UNUSED_FUNCTION = YES;
				GCC_WARN_UNUSED_VARIABLE = YES;
				MACOSX_DEPLOYMENT_TARGET = 10.11;
				MTL_ENABLE_DEBUG_INFO = NO;
				SDKROOT = macosx;
			};
			name = Release;
		};
		56E507CB1D4DE851001E058F /* Debug */ = {
			isa = XCBuildConfiguration;
			buildSettings = {
				PRODUCT_NAME = "$(TARGET_NAME)";
			};
			name = Debug;
		};
		56E507CC1D4DE851001E058F /* Release */ = {
			isa = XCBuildConfiguration;
			buildSettings = {
				PRODUCT_NAME = "$(TARGET_NAME)";
			};
			name = Release;
		};
/* End XCBuildConfiguration section */

/* Begin XCConfigurationList section */
		56E507BE1D4DE851001E058F /* Build configuration list for PBXProject "OCGStack" */ = {
			isa = XCConfigurationList;
			buildConfigurations = (
				56E507C81D4DE851001E058F /* Debug */,
				56E507C91D4DE851001E058F /* Release */,
			);
			defaultConfigurationIsVisible = 0;
			defaultConfigurationName = Release;
		};
		56E507CA1D4DE851001E058F /* Build configuration list for PBXNativeTarget "OCGStack" */ = {
			isa = XCConfigurationList;
			buildConfigurations = (
				56E507CB1D4DE851001E058F /* Debug */,
				56E507CC1D4DE851001E058F /* Release */,
			);
			defaultConfigurationIsVisible = 0;
		};
/* End XCConfigurationList section */
	};
	rootObject = 56E507BB1D4DE851001E058F /* Project object */;
}
